
Microsoft Visual Studio Solution File, Format Version 12.00
# Visual Studio Version 17
VisualStudioVersion = 17.0.31423.177
MinimumVisualStudioVersion = 10.0.40219.1
Project("{FAE04EC0-301F-11D3-BF4B-00C04F79EFBC}") = "MyTagHelperDemo", "MyTagHelperDemo\MyTagHelperDemo.csproj", "{EB523BEB-3E13-486F-805F-3D2307C426C3}"
EndProject
Global
	GlobalSection(SolutionConfigurationPlatforms) = preSolution
		Debug|Any CPU = Debug|Any CPU
		Release|Any CPU = Release|Any CPU
	EndGlobalSection
	GlobalSection(ProjectConfigurationPlatforms) = postSolution
		{EB523BEB-3E13-486F-805F-3D2307C426C3}.Debug|Any CPU.ActiveCfg = Debug|Any CPU
		{EB523BEB-3E13-486F-805F-3D2307C426C3}.Debug|Any CPU.Build.0 = Debug|Any CPU
		{EB523BEB-3E13-486F-805F-3D2307C426C3}.Release|Any CPU.ActiveCfg = Release|Any CPU
		{EB523BEB-3E13-486F-805F-3D2307C426C3}.Release|Any CPU.Build.0 = Release|Any CPU
	EndGlobalSection
	GlobalSection(SolutionProperties) = preSolution
		HideSolutionNode = FALSE
	EndGlobalSection
	GlobalSection(ExtensibilityGlobals) = postSolution
		SolutionGuid = {B8AA87E3-3DC8-45AD-B1E8-D190EE849DC3}
	EndGlobalSection
EndGlobal
